
Microsoft Visual Studio Solution File, Format Version 12.00
# Visual Studio 15
VisualStudioVersion = 15.0.27428.2037
MinimumVisualStudioVersion = 10.0.40219.1
Project("{FAE04EC0-301F-11D3-BF4B-00C04F79EFBC}") = "COMunicator", "COMunicator.csproj", "{D40586C5-9F5E-4DBD-9AC2-69F6157A333B}"
	ProjectSection(ProjectDependencies) = postProject
		{887DCF17-4BC6-47BB-B66B-CEDF83ED67A5} = {887DCF17-4BC6-47BB-B66B-CEDF83ED67A5}
		{A9B88652-56BA-4AC4-AD33-0DB7370004CE} = {A9B88652-56BA-4AC4-AD33-0DB7370004CE}
		{1DC8B587-159A-4891-B088-82AFF1E51649} = {1DC8B587-159A-4891-B088-82AFF1E51649}
		{2FBFA0DE-57FA-46DB-9A5F-2D79328750F7} = {2FBFA0DE-57FA-46DB-9A5F-2D79328750F7}
	EndProjectSection
EndProject
Project("{FAE04EC0-301F-11D3-BF4B-00C04F79EFBC}") = "ProtocolNuviaPlugin", "Plugins\NuviaPlugin\ProtocolNuviaPlugin.csproj", "{2FBFA0DE-57FA-46DB-9A5F-2D79328750F7}"
	ProjectSection(ProjectDependencies) = postProject
		{887DCF17-4BC6-47BB-B66B-CEDF83ED67A5} = {887DCF17-4BC6-47BB-B66B-CEDF83ED67A5}
		{A9B88652-56BA-4AC4-AD33-0DB7370004CE} = {A9B88652-56BA-4AC4-AD33-0DB7370004CE}
	EndProjectSection
EndProject
Project("{FAE04EC0-301F-11D3-BF4B-00C04F79EFBC}") = "Plugins", "Plugins\Plugins\Plugins.csproj", "{887DCF17-4BC6-47BB-B66B-CEDF83ED67A5}"
EndProject
Project("{FAE04EC0-301F-11D3-BF4B-00C04F79EFBC}") = "PacketFormater", "Plugins\PacketFormater\PacketFormater.csproj", "{A9B88652-56BA-4AC4-AD33-0DB7370004CE}"
EndProject
Project("{FAE04EC0-301F-11D3-BF4B-00C04F79EFBC}") = "ProtocolMarsA", "Plugins\ProtocolMarsA\ProtocolMarsA.csproj", "{1DC8B587-159A-4891-B088-82AFF1E51649}"
	ProjectSection(ProjectDependencies) = postProject
		{887DCF17-4BC6-47BB-B66B-CEDF83ED67A5} = {887DCF17-4BC6-47BB-B66B-CEDF83ED67A5}
		{A9B88652-56BA-4AC4-AD33-0DB7370004CE} = {A9B88652-56BA-4AC4-AD33-0DB7370004CE}
	EndProjectSection
EndProject
Global
	GlobalSection(SolutionConfigurationPlatforms) = preSolution
		Debug|Any CPU = Debug|Any CPU
		Debug|x86 = Debug|x86
		Release|Any CPU = Release|Any CPU
		Release|x86 = Release|x86
	EndGlobalSection
	GlobalSection(ProjectConfigurationPlatforms) = postSolution
		{D40586C5-9F5E-4DBD-9AC2-69F6157A333B}.Debug|Any CPU.ActiveCfg = Debug|x86
		{D40586C5-9F5E-4DBD-9AC2-69F6157A333B}.Debug|x86.ActiveCfg = Debug|x86
		{D40586C5-9F5E-4DBD-9AC2-69F6157A333B}.Debug|x86.Build.0 = Debug|x86
		{D40586C5-9F5E-4DBD-9AC2-69F6157A333B}.Release|Any CPU.ActiveCfg = Release|x86
		{D40586C5-9F5E-4DBD-9AC2-69F6157A333B}.Release|x86.ActiveCfg = Release|x86
		{D40586C5-9F5E-4DBD-9AC2-69F6157A333B}.Release|x86.Build.0 = Release|x86
		{2FBFA0DE-57FA-46DB-9A5F-2D79328750F7}.Debug|Any CPU.ActiveCfg = Debug|Any CPU
		{2FBFA0DE-57FA-46DB-9A5F-2D79328750F7}.Debug|Any CPU.Build.0 = Debug|Any CPU
		{2FBFA0DE-57FA-46DB-9A5F-2D79328750F7}.Debug|x86.ActiveCfg = Debug|Any CPU
		{2FBFA0DE-57FA-46DB-9A5F-2D79328750F7}.Debug|x86.Build.0 = Debug|Any CPU
		{2FBFA0DE-57FA-46DB-9A5F-2D79328750F7}.Release|Any CPU.ActiveCfg = Release|Any CPU
		{2FBFA0DE-57FA-46DB-9A5F-2D79328750F7}.Release|Any CPU.Build.0 = Release|Any CPU
		{2FBFA0DE-57FA-46DB-9A5F-2D79328750F7}.Release|x86.ActiveCfg = Release|Any CPU
		{2FBFA0DE-57FA-46DB-9A5F-2D79328750F7}.Release|x86.Build.0 = Release|Any CPU
		{887DCF17-4BC6-47BB-B66B-CEDF83ED67A5}.Debug|Any CPU.ActiveCfg = Debug|Any CPU
		{887DCF17-4BC6-47BB-B66B-CEDF83ED67A5}.Debug|Any CPU.Build.0 = Debug|Any CPU
		{887DCF17-4BC6-47BB-B66B-CEDF83ED67A5}.Debug|x86.ActiveCfg = Debug|Any CPU
		{887DCF17-4BC6-47BB-B66B-CEDF83ED67A5}.Debug|x86.Build.0 = Debug|Any CPU
		{887DCF17-4BC6-47BB-B66B-CEDF83ED67A5}.Release|Any CPU.ActiveCfg = Release|Any CPU
		{887DCF17-4BC6-47BB-B66B-CEDF83ED67A5}.Release|Any CPU.Build.0 = Release|Any CPU
		{887DCF17-4BC6-47BB-B66B-CEDF83ED67A5}.Release|x86.ActiveCfg = Release|Any CPU
		{887DCF17-4BC6-47BB-B66B-CEDF83ED67A5}.Release|x86.Build.0 = Release|Any CPU
		{A9B88652-56BA-4AC4-AD33-0DB7370004CE}.Debug|Any CPU.ActiveCfg = Debug|Any CPU
		{A9B88652-56BA-4AC4-AD33-0DB7370004CE}.Debug|Any CPU.Build.0 = Debug|Any CPU
		{A9B88652-56BA-4AC4-AD33-0DB7370004CE}.Debug|x86.ActiveCfg = Debug|Any CPU
		{A9B88652-56BA-4AC4-AD33-0DB7370004CE}.Debug|x86.Build.0 = Debug|Any CPU
		{A9B88652-56BA-4AC4-AD33-0DB7370004CE}.Release|Any CPU.ActiveCfg = Release|Any CPU
		{A9B88652-56BA-4AC4-AD33-0DB7370004CE}.Release|Any CPU.Build.0 = Release|Any CPU
		{A9B88652-56BA-4AC4-AD33-0DB7370004CE}.Release|x86.ActiveCfg = Release|Any CPU
		{A9B88652-56BA-4AC4-AD33-0DB7370004CE}.Release|x86.Build.0 = Release|Any CPU
		{1DC8B587-159A-4891-B088-82AFF1E51649}.Debug|Any CPU.ActiveCfg = Debug|Any CPU
		{1DC8B587-159A-4891-B088-82AFF1E51649}.Debug|Any CPU.Build.0 = Debug|Any CPU
		{1DC8B587-159A-4891-B088-82AFF1E51649}.Debug|x86.ActiveCfg = Debug|Any CPU
		{1DC8B587-159A-4891-B088-82AFF1E51649}.Debug|x86.Build.0 = Debug|Any CPU
		{1DC8B587-159A-4891-B088-82AFF1E51649}.Release|Any CPU.ActiveCfg = Release|Any CPU
		{1DC8B587-159A-4891-B088-82AFF1E51649}.Release|Any CPU.Build.0 = Release|Any CPU
		{1DC8B587-159A-4891-B088-82AFF1E51649}.Release|x86.ActiveCfg = Release|Any CPU
		{1DC8B587-159A-4891-B088-82AFF1E51649}.Release|x86.Build.0 = Release|Any CPU
	EndGlobalSection
	GlobalSection(SolutionProperties) = preSolution
		HideSolutionNode = FALSE
	EndGlobalSection
	GlobalSection(ExtensibilityGlobals) = postSolution
		SolutionGuid = {8F566270-A723-415B-9080-3E4BA2F28840}
	EndGlobalSection
EndGlobal
